
Microsoft Visual Studio Solution File, Format Version 12.00
# Visual Studio Version 17
VisualStudioVersion = 17.14.36915.13 d17.14
MinimumVisualStudioVersion = 10.0.40219.1
Project("{FAE04EC0-301F-11D3-BF4B-00C04F79EFBC}") = "API", "API\API.csproj", "{06E15749-2D88-450B-B1B9-12E935939BE0}"
EndProject
Project("{FAE04EC0-301F-11D3-BF4B-00C04F79EFBC}") = "Core", "Core\Core.csproj", "{B3AC2260-1094-43DA-9C86-EFE0B78BB5DD}"
EndProject
Project("{FAE04EC0-301F-11D3-BF4B-00C04F79EFBC}") = "Infrastructure", "Infrastructure\Infrastructure.csproj", "{FECCEBA9-7777-49DF-B81D-A01161D0639F}"
EndProject
Global
	GlobalSection(SolutionConfigurationPlatforms) = preSolution
		Debug|Any CPU = Debug|Any CPU
		Release|Any CPU = Release|Any CPU
	EndGlobalSection
	GlobalSection(ProjectConfigurationPlatforms) = postSolution
		{06E15749-2D88-450B-B1B9-12E935939BE0}.Debug|Any CPU.ActiveCfg = Debug|Any CPU
		{06E15749-2D88-450B-B1B9-12E935939BE0}.Debug|Any CPU.Build.0 = Debug|Any CPU
		{06E15749-2D88-450B-B1B9-12E935939BE0}.Release|Any CPU.ActiveCfg = Release|Any CPU
		{06E15749-2D88-450B-B1B9-12E935939BE0}.Release|Any CPU.Build.0 = Release|Any CPU
		{B3AC2260-1094-43DA-9C86-EFE0B78BB5DD}.Debug|Any CPU.ActiveCfg = Debug|Any CPU
		{B3AC2260-1094-43DA-9C86-EFE0B78BB5DD}.Debug|Any CPU.Build.0 = Debug|Any CPU
		{B3AC2260-1094-43DA-9C86-EFE0B78BB5DD}.Release|Any CPU.ActiveCfg = Release|Any CPU
		{B3AC2260-1094-43DA-9C86-EFE0B78BB5DD}.Release|Any CPU.Build.0 = Release|Any CPU
		{FECCEBA9-7777-49DF-B81D-A01161D0639F}.Debug|Any CPU.ActiveCfg = Debug|Any CPU
		{FECCEBA9-7777-49DF-B81D-A01161D0639F}.Debug|Any CPU.Build.0 = Debug|Any CPU
		{FECCEBA9-7777-49DF-B81D-A01161D0639F}.Release|Any CPU.ActiveCfg = Release|Any CPU
		{FECCEBA9-7777-49DF-B81D-A01161D0639F}.Release|Any CPU.Build.0 = Release|Any CPU
	EndGlobalSection
	GlobalSection(SolutionProperties) = preSolution
		HideSolutionNode = FALSE
	EndGlobalSection
	GlobalSection(ExtensibilityGlobals) = postSolution
		SolutionGuid = {C8093E49-92DD-4C6F-9469-A0013EA4C7F7}
	EndGlobalSection
EndGlobal
